
Microsoft Visual Studio Solution File, Format Version 12.00
# Visual Studio Version 17
VisualStudioVersion = 17.14.36203.30
MinimumVisualStudioVersion = 10.0.40219.1
Project("{8BC9CEB8-8B4A-11D0-8D11-00A0C91BC942}") = "credit", "credit\credit.vcxproj", "{C06FA5B3-7FFB-400A-B296-64EC5A269EA5}"
EndProject
Project("{8BC9CEB8-8B4A-11D0-8D11-00A0C91BC942}") = "mario", "mario\mario.vcxproj", "{B06F6019-934C-400D-8260-C37F4476C09B}"
EndProject
Global
	GlobalSection(SolutionConfigurationPlatforms) = preSolution
		Debug|x64 = Debug|x64
		Debug|x86 = Debug|x86
		Release|x64 = Release|x64
		Release|x86 = Release|x86
	EndGlobalSection
	GlobalSection(ProjectConfigurationPlatforms) = postSolution
		{C06FA5B3-7FFB-400A-B296-64EC5A269EA5}.Debug|x64.ActiveCfg = Debug|x64
		{C06FA5B3-7FFB-400A-B296-64EC5A269EA5}.Debug|x64.Build.0 = Debug|x64
		{C06FA5B3-7FFB-400A-B296-64EC5A269EA5}.Debug|x86.ActiveCfg = Debug|Win32
		{C06FA5B3-7FFB-400A-B296-64EC5A269EA5}.Debug|x86.Build.0 = Debug|Win32
		{C06FA5B3-7FFB-400A-B296-64EC5A269EA5}.Release|x64.ActiveCfg = Release|x64
		{C06FA5B3-7FFB-400A-B296-64EC5A269EA5}.Release|x64.Build.0 = Release|x64
		{C06FA5B3-7FFB-400A-B296-64EC5A269EA5}.Release|x86.ActiveCfg = Release|Win32
		{C06FA5B3-7FFB-400A-B296-64EC5A269EA5}.Release|x86.Build.0 = Release|Win32
		{B06F6019-934C-400D-8260-C37F4476C09B}.Debug|x64.ActiveCfg = Debug|x64
		{B06F6019-934C-400D-8260-C37F4476C09B}.Debug|x64.Build.0 = Debug|x64
		{B06F6019-934C-400D-8260-C37F4476C09B}.Debug|x86.ActiveCfg = Debug|Win32
		{B06F6019-934C-400D-8260-C37F4476C09B}.Debug|x86.Build.0 = Debug|Win32
		{B06F6019-934C-400D-8260-C37F4476C09B}.Release|x64.ActiveCfg = Release|x64
		{B06F6019-934C-400D-8260-C37F4476C09B}.Release|x64.Build.0 = Release|x64
		{B06F6019-934C-400D-8260-C37F4476C09B}.Release|x86.ActiveCfg = Release|Win32
		{B06F6019-934C-400D-8260-C37F4476C09B}.Release|x86.Build.0 = Release|Win32
	EndGlobalSection
	GlobalSection(SolutionProperties) = preSolution
		HideSolutionNode = FALSE
	EndGlobalSection
	GlobalSection(ExtensibilityGlobals) = postSolution
		SolutionGuid = {F464AA91-7D96-4523-853C-B2976AD92F13}
	EndGlobalSection
EndGlobal
